
Microsoft Visual Studio Solution File, Format Version 12.00
# Visual Studio Express 14 for Windows Desktop
VisualStudioVersion = 14.0.25123.0
MinimumVisualStudioVersion = 10.0.40219.1
Project("{8BC9CEB8-8B4A-11D0-8D11-00A0C91BC942}") = "ping", "ping\ping.vcxproj", "{8F96D39A-7650-4B82-8A1E-197D62D4FCD0}"
EndProject
Global
	GlobalSection(SolutionConfigurationPlatforms) = preSolution
		Debug|x64 = Debug|x64
		Debug|x86 = Debug|x86
		Release|x64 = Release|x64
		Release|x86 = Release|x86
	EndGlobalSection
	GlobalSection(ProjectConfigurationPlatforms) = postSolution
		{8F96D39A-7650-4B82-8A1E-197D62D4FCD0}.Debug|x64.ActiveCfg = Debug|x64
		{8F96D39A-7650-4B82-8A1E-197D62D4FCD0}.Debug|x64.Build.0 = Debug|x64
		{8F96D39A-7650-4B82-8A1E-197D62D4FCD0}.Debug|x86.ActiveCfg = Debug|Win32
		{8F96D39A-7650-4B82-8A1E-197D62D4FCD0}.Debug|x86.Build.0 = Debug|Win32
		{8F96D39A-7650-4B82-8A1E-197D62D4FCD0}.Release|x64.ActiveCfg = Release|x64
		{8F96D39A-7650-4B82-8A1E-197D62D4FCD0}.Release|x64.Build.0 = Release|x64
		{8F96D39A-7650-4B82-8A1E-197D62D4FCD0}.Release|x86.ActiveCfg = Release|Win32
		{8F96D39A-7650-4B82-8A1E-197D62D4FCD0}.Release|x86.Build.0 = Release|Win32
	EndGlobalSection
	GlobalSection(SolutionProperties) = preSolution
		HideSolutionNode = FALSE
	EndGlobalSection
EndGlobal
