
Microsoft Visual Studio Solution File, Format Version 12.00
# Visual Studio Express 14 for Windows Desktop
VisualStudioVersion = 14.0.25123.0
MinimumVisualStudioVersion = 10.0.40219.1
Project("{FAE04EC0-301F-11D3-BF4B-00C04F79EFBC}") = "broadcast_ping", "broadcast_ping\broadcast_ping.csproj", "{AF5022F2-06A2-41D5-A04F-128C8C1E0A7F}"
EndProject
Global
	GlobalSection(SolutionConfigurationPlatforms) = preSolution
		Debug|Any CPU = Debug|Any CPU
		Debug|x86 = Debug|x86
		Release|Any CPU = Release|Any CPU
		Release|x86 = Release|x86
	EndGlobalSection
	GlobalSection(ProjectConfigurationPlatforms) = postSolution
		{AF5022F2-06A2-41D5-A04F-128C8C1E0A7F}.Debug|Any CPU.ActiveCfg = Debug|Any CPU
		{AF5022F2-06A2-41D5-A04F-128C8C1E0A7F}.Debug|Any CPU.Build.0 = Debug|Any CPU
		{AF5022F2-06A2-41D5-A04F-128C8C1E0A7F}.Debug|x86.ActiveCfg = Release|x86
		{AF5022F2-06A2-41D5-A04F-128C8C1E0A7F}.Debug|x86.Build.0 = Release|x86
		{AF5022F2-06A2-41D5-A04F-128C8C1E0A7F}.Release|Any CPU.ActiveCfg = Release|Any CPU
		{AF5022F2-06A2-41D5-A04F-128C8C1E0A7F}.Release|Any CPU.Build.0 = Release|Any CPU
		{AF5022F2-06A2-41D5-A04F-128C8C1E0A7F}.Release|x86.ActiveCfg = Release|x86
		{AF5022F2-06A2-41D5-A04F-128C8C1E0A7F}.Release|x86.Build.0 = Release|x86
	EndGlobalSection
	GlobalSection(SolutionProperties) = preSolution
		HideSolutionNode = FALSE
	EndGlobalSection
EndGlobal
